{
  "lockfile-version": 1,
  "manifest": {
    "schema-version": "1.12.0",
    "install": {
      "claude-code": {
        "pkg-path": "claude-code"
      },
      "curl": {
        "pkg-path": "curl"
      },
      "gitleaks": {
        "pkg-path": "gitleaks"
      },
      "jq": {
        "pkg-path": "jq"
      },
      "just": {
        "pkg-path": "just"
      },
      "shellcheck": {
        "pkg-path": "shellcheck"
      }
    },
    "hook": {
      "on-activate": "  # Put the launcher on PATH (on-activate runs for both interactive and\n  # `flox activate -- cmd`, unlike [profile] which is interactive-only).\n  export PATH=\"$FLOX_ENV_PROJECT/bin:$PATH\"\n  echo \"claude-openrouter: env ready — claude, curl, jq, shellcheck, just, gitleaks on PATH.\" >&2\n  echo \"claude-openrouter: next → ./setup.sh --key-file <key>   then   claude-openrouter -g\" >&2\n"
    },
    "profile": {},
    "options": {
      "systems": [
        "aarch64-darwin",
        "aarch64-linux",
        "x86_64-darwin",
        "x86_64-linux"
      ],
      "allow": {
        "unfree": true
      }
    }
  },
  "packages": [
    {
      "attr_path": "claude-code",
      "broken": false,
      "derivation": "/nix/store/w1m52xy605c4hwg0z4l49lln2fr89hbr-claude-code-2.1.170.drv",
      "description": "Agentic coding tool that lives in your terminal, understands your codebase, and helps you code faster",
      "install_id": "claude-code",
      "license": "Unfree",
      "locked_url": "https://github.com/flox/nixpkgs?rev=9ae611a455b90cf061d8f332b977e387bda8e1ca",
      "name": "claude-code-2.1.170",
      "pname": "claude-code",
      "rev": "9ae611a455b90cf061d8f332b977e387bda8e1ca",
      "rev_count": 1014179,
      "rev_date": "2026-06-10T06:56:03Z",
      "scrape_date": "2026-06-12T03:13:44.018751Z",
      "stabilities": [
        "staging",
        "unstable"
      ],
      "unfree": true,
      "version": "2.1.170",
      "outputs_to_install": [
        "out"
      ],
      "outputs": {
        "out": "/nix/store/6026hkx6gah91xigd1282qyqsybjmfjn-claude-code-2.1.170"
      },
      "system": "aarch64-darwin",
      "group": "toplevel",
      "priority": 5
    },
    {
      "attr_path": "claude-code",
      "broken": false,
      "derivation": "/nix/store/q7h6h1w622qqb1jbmyv1f5xx1lj8djw3-claude-code-2.1.170.drv",
      "description": "Agentic coding tool that lives in your terminal, understands your codebase, and helps you code faster",
      "install_id": "claude-code",
      "license": "Unfree",
      "locked_url": "https://github.com/flox/nixpkgs?rev=9ae611a455b90cf061d8f332b977e387bda8e1ca",
      "name": "claude-code-2.1.170",
      "pname": "claude-code",
      "rev": "9ae611a455b90cf061d8f332b977e387bda8e1ca",
      "rev_count": 1014179,
      "rev_date": "2026-06-10T06:56:03Z",
      "scrape_date": "2026-06-12T03:44:32.770909Z",
      "stabilities": [
        "staging",
        "unstable"
      ],
      "unfree": true,
      "version": "2.1.170",
      "outputs_to_install": [
        "out"
      ],
      "outputs": {
        "out": "/nix/store/ihy53w3kciblycjv5i8w80n4qq06rinw-claude-code-2.1.170"
      },
      "system": "aarch64-linux",
      "group": "toplevel",
      "priority": 5
    },
    {
      "attr_path": "claude-code",
      "broken": false,
      "derivation": "/nix/store/5f6ci4yrbzcpd893pfjili1yjwanr7i8-claude-code-2.1.170.drv",
      "description": "Agentic coding tool that lives in your terminal, understands your codebase, and helps you code faster",
      "install_id": "claude-code",
      "license": "Unfree",
      "locked_url": "https://github.com/flox/nixpkgs?rev=9ae611a455b90cf061d8f332b977e387bda8e1ca",
      "name": "claude-code-2.1.170",
      "pname": "claude-code",
      "rev": "9ae611a455b90cf061d8f332b977e387bda8e1ca",
      "rev_count": 1014179,
      "rev_date": "2026-06-10T06:56:03Z",
      "scrape_date": "2026-06-12T04:14:36.695409Z",
      "stabilities": [
        "staging",
        "unstable"
      ],
      "unfree": true,
      "version": "2.1.170",
      "outputs_to_install": [
        "out"
      ],
      "outputs": {
        "out": "/nix/store/maxi6rhznj5sfv0siqpkifprxk2gg3m3-claude-code-2.1.170"
      },
      "system": "x86_64-darwin",
      "group": "toplevel",
      "priority": 5
    },
    {
      "attr_path": "claude-code",
      "broken": false,
      "derivation": "/nix/store/cmqhzpwd6jm6scc66986xcx3jdn0rk55-claude-code-2.1.170.drv",
      "description": "Agentic coding tool that lives in your terminal, understands your codebase, and helps you code faster",
      "install_id": "claude-code",
      "license": "Unfree",
      "locked_url": "https://github.com/flox/nixpkgs?rev=9ae611a455b90cf061d8f332b977e387bda8e1ca",
      "name": "claude-code-2.1.170",
      "pname": "claude-code",
      "rev": "9ae611a455b90cf061d8f332b977e387bda8e1ca",
      "rev_count": 1014179,
      "rev_date": "2026-06-10T06:56:03Z",
      "scrape_date": "2026-06-12T04:47:35.775221Z",
      "stabilities": [
        "staging",
        "unstable"
      ],
      "unfree": true,
      "version": "2.1.170",
      "outputs_to_install": [
        "out"
      ],
      "outputs": {
        "out": "/nix/store/rk256qilp5g4781bx4b8dcjwfiiva873-claude-code-2.1.170"
      },
      "system": "x86_64-linux",
      "group": "toplevel",
      "priority": 5
    },
    {
      "attr_path": "curl",
      "broken": false,
      "derivation": "/nix/store/6jvivpv117d6i4zj547wl2crkk20wm47-curl-8.20.0.drv",
      "description": "Command line tool for transferring files with URL syntax",
      "install_id": "curl",
      "license": "curl",
      "locked_url": "https://github.com/flox/nixpkgs?rev=9ae611a455b90cf061d8f332b977e387bda8e1ca",
      "name": "curl-8.20.0",
      "pname": "curl",
      "rev": "9ae611a455b90cf061d8f332b977e387bda8e1ca",
      "rev_count": 1014179,
      "rev_date": "2026-06-10T06:56:03Z",
      "scrape_date": "2026-06-12T03:13:44.176105Z",
      "stabilities": [
        "staging",
        "unstable"
      ],
      "unfree": false,
      "version": "8.20.0",
      "outputs_to_install": [
        "bin",
        "man"
      ],
      "outputs": {
        "bin": "/nix/store/56qb7awbplza7z35iz4k8gyr2fjk2acw-curl-8.20.0-bin",
        "dev": "/nix/store/z43571apx58qpq4kdz207f4vcbbzd6nj-curl-8.20.0-dev",
        "devdoc": "/nix/store/rasyzrv7w7430kfk4jppr9xa56dzr487-curl-8.20.0-devdoc",
        "man": "/nix/store/8kl0c1xmasvhrn76cjmdmkk5qcq6spkn-curl-8.20.0-man",
        "out": "/nix/store/5ksfjgx970dszhbjn6kcbcf07yn52s1i-curl-8.20.0"
      },
      "system": "aarch64-darwin",
      "group": "toplevel",
      "priority": 5
    },
    {
      "attr_path": "curl",
      "broken": false,
      "derivation": "/nix/store/mw2qs45h2qvjvzd4nj2l6lrc55xxxpn3-curl-8.20.0.drv",
      "description": "Command line tool for transferring files with URL syntax",
      "install_id": "curl",
      "license": "curl",
      "locked_url": "https://github.com/flox/nixpkgs?rev=9ae611a455b90cf061d8f332b977e387bda8e1ca",
      "name": "curl-8.20.0",
      "pname": "curl",
      "rev": "9ae611a455b90cf061d8f332b977e387bda8e1ca",
      "rev_count": 1014179,
      "rev_date": "2026-06-10T06:56:03Z",
      "scrape_date": "2026-06-12T03:44:33.011487Z",
      "stabilities": [
        "staging",
        "unstable"
      ],
      "unfree": false,
      "version": "8.20.0",
      "outputs_to_install": [
        "bin",
        "bin",
        "man",
        "man"
      ],
      "outputs": {
        "bin": "/nix/store/0p84b7rk4ahizd1mdjgq810vhjfdwwj6-curl-8.20.0-bin",
        "debug": "/nix/store/97022mlgi4x3r60f3bcz8d3jksl25czy-curl-8.20.0-debug",
        "dev": "/nix/store/sv4cxcl457drp3wi33jqdd43ya1l2svc-curl-8.20.0-dev",
        "devdoc": "/nix/store/gfarxizj7rjp7h9rpssg835q26h253hc-curl-8.20.0-devdoc",
        "man": "/nix/store/fbl5hjkyf8csbvvj3fmrga0a76pf4igz-curl-8.20.0-man",
        "out": "/nix/store/c6mpfdagkmgq8z7j0l07p2xadr5kvrd1-curl-8.20.0"
      },
      "system": "aarch64-linux",
      "group": "toplevel",
      "priority": 5
    },
    {
      "attr_path": "curl",
      "broken": false,
      "derivation": "/nix/store/6rk2yhzsz320155zaq90ci1fjkbnm16z-curl-8.20.0.drv",
      "description": "Command line tool for transferring files with URL syntax",
      "install_id": "curl",
      "license": "curl",
      "locked_url": "https://github.com/flox/nixpkgs?rev=9ae611a455b90cf061d8f332b977e387bda8e1ca",
      "name": "curl-8.20.0",
      "pname": "curl",
      "rev": "9ae611a455b90cf061d8f332b977e387bda8e1ca",
      "rev_count": 1014179,
      "rev_date": "2026-06-10T06:56:03Z",
      "scrape_date": "2026-06-12T04:14:36.844982Z",
      "stabilities": [
        "staging",
        "unstable"
      ],
      "unfree": false,
      "version": "8.20.0",
      "outputs_to_install": [
        "bin",
        "man"
      ],
      "outputs": {
        "bin": "/nix/store/9r2nm4k450arpl9avin0zkmn6k5k2365-curl-8.20.0-bin",
        "dev": "/nix/store/1bqjzcb8460z8i0v3gj33a16aj5dhl4f-curl-8.20.0-dev",
        "devdoc": "/nix/store/8fwnah6b0akr71gc6dmmi23pr1jps3id-curl-8.20.0-devdoc",
        "man": "/nix/store/dbjs0lyplc5spvzp4pmjprvfwzrvjpjz-curl-8.20.0-man",
        "out": "/nix/store/c5x3dxmv4cp1dxl87hjhgnijcb60h87q-curl-8.20.0"
      },
      "system": "x86_64-darwin",
      "group": "toplevel",
      "priority": 5
    },
    {
      "attr_path": "curl",
      "broken": false,
      "derivation": "/nix/store/y9i32nhnad2cgnqzaf4brmpg8qv4cwvc-curl-8.20.0.drv",
      "description": "Command line tool for transferring files with URL syntax",
      "install_id": "curl",
      "license": "curl",
      "locked_url": "https://github.com/flox/nixpkgs?rev=9ae611a455b90cf061d8f332b977e387bda8e1ca",
      "name": "curl-8.20.0",
      "pname": "curl",
      "rev": "9ae611a455b90cf061d8f332b977e387bda8e1ca",
      "rev_count": 1014179,
      "rev_date": "2026-06-10T06:56:03Z",
      "scrape_date": "2026-06-12T04:47:36.053396Z",
      "stabilities": [
        "staging",
        "unstable"
      ],
      "unfree": false,
      "version": "8.20.0",
      "outputs_to_install": [
        "bin",
        "bin",
        "bin",
        "bin",
        "bin",
        "man",
        "man",
        "man",
        "man"
      ],
      "outputs": {
        "bin": "/nix/store/0aha64svrrch155x78xhzn6kmgrrsl9a-curl-8.20.0-bin",
        "debug": "/nix/store/k8nrdq3c1hm3r0bzbqiqqabxl3rldv98-curl-8.20.0-debug",
        "dev": "/nix/store/ni3mcvikdjzaq2h0jx3k0xds57z0y2r5-curl-8.20.0-dev",
        "devdoc": "/nix/store/csaqi0fj0d53rsdlazw7rmrri40457vd-curl-8.20.0-devdoc",
        "man": "/nix/store/zghy1pwbzdn7awhk7id00jlb83hk8y8v-curl-8.20.0-man",
        "out": "/nix/store/xm1x557414bq1lgrx18gvb7cbz1qrdy8-curl-8.20.0"
      },
      "system": "x86_64-linux",
      "group": "toplevel",
      "priority": 5
    },
    {
      "attr_path": "gitleaks",
      "broken": false,
      "derivation": "/nix/store/gpa4lsyiksf98m7p2ad0gqywq5v28q09-gitleaks-8.30.1.drv",
      "description": "Scan git repos (or files) for secrets",
      "install_id": "gitleaks",
      "license": "MIT",
      "locked_url": "https://github.com/flox/nixpkgs?rev=9ae611a455b90cf061d8f332b977e387bda8e1ca",
      "name": "gitleaks-8.30.1",
      "pname": "gitleaks",
      "rev": "9ae611a455b90cf061d8f332b977e387bda8e1ca",
      "rev_count": 1014179,
      "rev_date": "2026-06-10T06:56:03Z",
      "scrape_date": "2026-06-12T03:13:45.017946Z",
      "stabilities": [
        "staging",
        "unstable"
      ],
      "unfree": false,
      "version": "8.30.1",
      "outputs_to_install": [
        "out"
      ],
      "outputs": {
        "out": "/nix/store/4jghq542qi5fh31ri84ar4ly1nsf41xg-gitleaks-8.30.1"
      },
      "system": "aarch64-darwin",
      "group": "toplevel",
      "priority": 5
    },
    {
      "attr_path": "gitleaks",
      "broken": false,
      "derivation": "/nix/store/b07kqhyf8z4lx319ziz5g55yjvf8yisi-gitleaks-8.30.1.drv",
      "description": "Scan git repos (or files) for secrets",
      "install_id": "gitleaks",
      "license": "MIT",
      "locked_url": "https://github.com/flox/nixpkgs?rev=9ae611a455b90cf061d8f332b977e387bda8e1ca",
      "name": "gitleaks-8.30.1",
      "pname": "gitleaks",
      "rev": "9ae611a455b90cf061d8f332b977e387bda8e1ca",
      "rev_count": 1014179,
      "rev_date": "2026-06-10T06:56:03Z",
      "scrape_date": "2026-06-12T03:44:34.226973Z",
      "stabilities": [
        "staging",
        "unstable"
      ],
      "unfree": false,
      "version": "8.30.1",
      "outputs_to_install": [
        "out"
      ],
      "outputs": {
        "out": "/nix/store/yqwhvmpm358n25f6b0dw2pkar7c2vr9p-gitleaks-8.30.1"
      },
      "system": "aarch64-linux",
      "group": "toplevel",
      "priority": 5
    },
    {
      "attr_path": "gitleaks",
      "broken": false,
      "derivation": "/nix/store/3129h0a6wlj7xs8b1wq4cs280ixknyv9-gitleaks-8.30.1.drv",
      "description": "Scan git repos (or files) for secrets",
      "install_id": "gitleaks",
      "license": "MIT",
      "locked_url": "https://github.com/flox/nixpkgs?rev=9ae611a455b90cf061d8f332b977e387bda8e1ca",
      "name": "gitleaks-8.30.1",
      "pname": "gitleaks",
      "rev": "9ae611a455b90cf061d8f332b977e387bda8e1ca",
      "rev_count": 1014179,
      "rev_date": "2026-06-10T06:56:03Z",
      "scrape_date": "2026-06-12T04:14:37.661884Z",
      "stabilities": [
        "staging",
        "unstable"
      ],
      "unfree": false,
      "version": "8.30.1",
      "outputs_to_install": [
        "out"
      ],
      "outputs": {
        "out": "/nix/store/5b9l1mffmal15szv09033x5spvvraswg-gitleaks-8.30.1"
      },
      "system": "x86_64-darwin",
      "group": "toplevel",
      "priority": 5
    },
    {
      "attr_path": "gitleaks",
      "broken": false,
      "derivation": "/nix/store/b1xx4p6qn4f6chdz2w6rlk04gdyh9qmg-gitleaks-8.30.1.drv",
      "description": "Scan git repos (or files) for secrets",
      "install_id": "gitleaks",
      "license": "MIT",
      "locked_url": "https://github.com/flox/nixpkgs?rev=9ae611a455b90cf061d8f332b977e387bda8e1ca",
      "name": "gitleaks-8.30.1",
      "pname": "gitleaks",
      "rev": "9ae611a455b90cf061d8f332b977e387bda8e1ca",
      "rev_count": 1014179,
      "rev_date": "2026-06-10T06:56:03Z",
      "scrape_date": "2026-06-12T04:47:37.459570Z",
      "stabilities": [
        "staging",
        "unstable"
      ],
      "unfree": false,
      "version": "8.30.1",
      "outputs_to_install": [
        "out"
      ],
      "outputs": {
        "out": "/nix/store/l835chkf2y38sbf3sbf4fybmg8r2pcr1-gitleaks-8.30.1"
      },
      "system": "x86_64-linux",
      "group": "toplevel",
      "priority": 5
    },
    {
      "attr_path": "jq",
      "broken": false,
      "derivation": "/nix/store/bmchk7n1crrqvaw88rk288m1934gwlzq-jq-1.8.1.drv",
      "description": "Lightweight and flexible command-line JSON processor",
      "install_id": "jq",
      "license": "MIT",
      "locked_url": "https://github.com/flox/nixpkgs?rev=9ae611a455b90cf061d8f332b977e387bda8e1ca",
      "name": "jq-1.8.1",
      "pname": "jq",
      "rev": "9ae611a455b90cf061d8f332b977e387bda8e1ca",
      "rev_count": 1014179,
      "rev_date": "2026-06-10T06:56:03Z",
      "scrape_date": "2026-06-12T03:14:02.165546Z",
      "stabilities": [
        "staging",
        "unstable"
      ],
      "unfree": false,
      "version": "1.8.1",
      "outputs_to_install": [
        "bin",
        "man"
      ],
      "outputs": {
        "bin": "/nix/store/d551vj6hjc2bqiyg8dim6lv1v1xw7841-jq-1.8.1-bin",
        "dev": "/nix/store/dy2cgp8adlm5gl3hkpykcgccv4dlhawb-jq-1.8.1-dev",
        "doc": "/nix/store/afjz34n0jz7a0zjjp6qkvnxqph53ifbw-jq-1.8.1-doc",
        "man": "/nix/store/cyykpwx7q87ryqyhkz4slm163300rzjh-jq-1.8.1-man",
        "out": "/nix/store/yj3m8xi9h48mz4i7732zcwbqbb8bl402-jq-1.8.1"
      },
      "system": "aarch64-darwin",
      "group": "toplevel",
      "priority": 5
    },
    {
      "attr_path": "jq",
      "broken": false,
      "derivation": "/nix/store/rnq1r4544wynnzab3f9rk862lpdlhgpa-jq-1.8.1.drv",
      "description": "Lightweight and flexible command-line JSON processor",
      "install_id": "jq",
      "license": "MIT",
      "locked_url": "https://github.com/flox/nixpkgs?rev=9ae611a455b90cf061d8f332b977e387bda8e1ca",
      "name": "jq-1.8.1",
      "pname": "jq",
      "rev": "9ae611a455b90cf061d8f332b977e387bda8e1ca",
      "rev_count": 1014179,
      "rev_date": "2026-06-10T06:56:03Z",
      "scrape_date": "2026-06-12T03:44:55.861521Z",
      "stabilities": [
        "staging",
        "unstable"
      ],
      "unfree": false,
      "version": "1.8.1",
      "outputs_to_install": [
        "bin",
        "bin",
        "man"
      ],
      "outputs": {
        "bin": "/nix/store/d6mx57dmjq61j69ap45f6fm3jb0lslyc-jq-1.8.1-bin",
        "dev": "/nix/store/qv69wdjr2zd2w6yg5n8lxfn6c8mg4bwf-jq-1.8.1-dev",
        "doc": "/nix/store/fway55wsvvly58sz7zn7vlq68v0q1ig3-jq-1.8.1-doc",
        "man": "/nix/store/bnwzc47h7zhc3zwkjmy4br8jd2ki9pyj-jq-1.8.1-man",
        "out": "/nix/store/6y9n87w9lsk3x0fscm6kfirk3ssc0syr-jq-1.8.1"
      },
      "system": "aarch64-linux",
      "group": "toplevel",
      "priority": 5
    },
    {
      "attr_path": "jq",
      "broken": false,
      "derivation": "/nix/store/0rlalgyahkwxqihahidkwic07lhgrz2v-jq-1.8.1.drv",
      "description": "Lightweight and flexible command-line JSON processor",
      "install_id": "jq",
      "license": "MIT",
      "locked_url": "https://github.com/flox/nixpkgs?rev=9ae611a455b90cf061d8f332b977e387bda8e1ca",
      "name": "jq-1.8.1",
      "pname": "jq",
      "rev": "9ae611a455b90cf061d8f332b977e387bda8e1ca",
      "rev_count": 1014179,
      "rev_date": "2026-06-10T06:56:03Z",
      "scrape_date": "2026-06-12T04:14:54.372082Z",
      "stabilities": [
        "staging",
        "unstable"
      ],
      "unfree": false,
      "version": "1.8.1",
      "outputs_to_install": [
        "bin",
        "man"
      ],
      "outputs": {
        "bin": "/nix/store/pnm2frw3jwfrlycf730z5bfgixiyjal4-jq-1.8.1-bin",
        "dev": "/nix/store/hg1vhcfr1lwv39vn84cijdn187jmcfnj-jq-1.8.1-dev",
        "doc": "/nix/store/mzarfihn2c84s6qw7zp0rbbj7hb09dv2-jq-1.8.1-doc",
        "man": "/nix/store/0yyamki3lhy0rp6vn45mn6cdhqb2c64a-jq-1.8.1-man",
        "out": "/nix/store/8c9m07iqwczlfzx1sk0c5g2a9nnzvhc3-jq-1.8.1"
      },
      "system": "x86_64-darwin",
      "group": "toplevel",
      "priority": 5
    },
    {
      "attr_path": "jq",
      "broken": false,
      "derivation": "/nix/store/pq80zlnpxhzi25ninrrjjl0y1sd90hzk-jq-1.8.1.drv",
      "description": "Lightweight and flexible command-line JSON processor",
      "install_id": "jq",
      "license": "MIT",
      "locked_url": "https://github.com/flox/nixpkgs?rev=9ae611a455b90cf061d8f332b977e387bda8e1ca",
      "name": "jq-1.8.1",
      "pname": "jq",
      "rev": "9ae611a455b90cf061d8f332b977e387bda8e1ca",
      "rev_count": 1014179,
      "rev_date": "2026-06-10T06:56:03Z",
      "scrape_date": "2026-06-12T04:47:59.629960Z",
      "stabilities": [
        "staging",
        "unstable"
      ],
      "unfree": false,
      "version": "1.8.1",
      "outputs_to_install": [
        "bin",
        "bin",
        "bin",
        "bin",
        "man"
      ],
      "outputs": {
        "bin": "/nix/store/s04d6wm3kqjdgr7zdhlk214f6a2291ks-jq-1.8.1-bin",
        "dev": "/nix/store/fmsvbcz2s85pmszdvwp4mhlamiv5lnzg-jq-1.8.1-dev",
        "doc": "/nix/store/hhh2h4x4rhh6qbqa6620bvhz652cgw4m-jq-1.8.1-doc",
        "man": "/nix/store/ncw52xsl5hgplh8csybbp9fli64iw1aq-jq-1.8.1-man",
        "out": "/nix/store/7a1hndk12kz9wwh9sz8hzkkwgxq6rrnk-jq-1.8.1"
      },
      "system": "x86_64-linux",
      "group": "toplevel",
      "priority": 5
    },
    {
      "attr_path": "just",
      "broken": false,
      "derivation": "/nix/store/qayl4w7mfizkldr60008cphxz28f7yjm-just-1.51.0.drv",
      "description": "Handy way to save and run project-specific commands",
      "install_id": "just",
      "license": "CC0-1.0",
      "locked_url": "https://github.com/flox/nixpkgs?rev=9ae611a455b90cf061d8f332b977e387bda8e1ca",
      "name": "just-1.51.0",
      "pname": "just",
      "rev": "9ae611a455b90cf061d8f332b977e387bda8e1ca",
      "rev_count": 1014179,
      "rev_date": "2026-06-10T06:56:03Z",
      "scrape_date": "2026-06-12T03:14:02.321902Z",
      "stabilities": [
        "staging",
        "unstable"
      ],
      "unfree": false,
      "version": "1.51.0",
      "outputs_to_install": [
        "man",
        "out"
      ],
      "outputs": {
        "doc": "/nix/store/d0n7b7xd2miyja6m2nlzc2szj0gqzgxb-just-1.51.0-doc",
        "man": "/nix/store/48iac05gjz4kjpx605hcgn95an8ary9q-just-1.51.0-man",
        "out": "/nix/store/18ml04rix1526kmcv5fcir6n7cb8lxyf-just-1.51.0"
      },
      "system": "aarch64-darwin",
      "group": "toplevel",
      "priority": 5
    },
    {
      "attr_path": "just",
      "broken": false,
      "derivation": "/nix/store/21sazfphih8v3qrf16swhbp2hi4bvjha-just-1.51.0.drv",
      "description": "Handy way to save and run project-specific commands",
      "install_id": "just",
      "license": "CC0-1.0",
      "locked_url": "https://github.com/flox/nixpkgs?rev=9ae611a455b90cf061d8f332b977e387bda8e1ca",
      "name": "just-1.51.0",
      "pname": "just",
      "rev": "9ae611a455b90cf061d8f332b977e387bda8e1ca",
      "rev_count": 1014179,
      "rev_date": "2026-06-10T06:56:03Z",
      "scrape_date": "2026-06-12T03:44:56.041064Z",
      "stabilities": [
        "staging",
        "unstable"
      ],
      "unfree": false,
      "version": "1.51.0",
      "outputs_to_install": [
        "man",
        "out"
      ],
      "outputs": {
        "doc": "/nix/store/ppj3c78k6x3bql77f3mgrjjrxb2jjc0q-just-1.51.0-doc",
        "man": "/nix/store/8ygmlmpxmggc2wqbkz1yhf7fz5nwg084-just-1.51.0-man",
        "out": "/nix/store/6q8i59br2gzxnqax4dz3g1fmkwp2mfs2-just-1.51.0"
      },
      "system": "aarch64-linux",
      "group": "toplevel",
      "priority": 5
    },
    {
      "attr_path": "just",
      "broken": false,
      "derivation": "/nix/store/y4m13kj7shshrl3kai9j827k7g1rcyjc-just-1.51.0.drv",
      "description": "Handy way to save and run project-specific commands",
      "install_id": "just",
      "license": "CC0-1.0",
      "locked_url": "https://github.com/flox/nixpkgs?rev=9ae611a455b90cf061d8f332b977e387bda8e1ca",
      "name": "just-1.51.0",
      "pname": "just",
      "rev": "9ae611a455b90cf061d8f332b977e387bda8e1ca",
      "rev_count": 1014179,
      "rev_date": "2026-06-10T06:56:03Z",
      "scrape_date": "2026-06-12T04:14:54.494733Z",
      "stabilities": [
        "staging",
        "unstable"
      ],
      "unfree": false,
      "version": "1.51.0",
      "outputs_to_install": [
        "man",
        "out"
      ],
      "outputs": {
        "doc": "/nix/store/x5g644hwbjdlij9w37gwgg1z1h4b6qqk-just-1.51.0-doc",
        "man": "/nix/store/144wqvh3s441y05xvzn8m16rhcqbki7d-just-1.51.0-man",
        "out": "/nix/store/7ppiil9ycr565vqgbc18x4rpgbfgcnzy-just-1.51.0"
      },
      "system": "x86_64-darwin",
      "group": "toplevel",
      "priority": 5
    },
    {
      "attr_path": "just",
      "broken": false,
      "derivation": "/nix/store/giqf7rkyq3fbfg6glrlk19gxi5gk6svf-just-1.51.0.drv",
      "description": "Handy way to save and run project-specific commands",
      "install_id": "just",
      "license": "CC0-1.0",
      "locked_url": "https://github.com/flox/nixpkgs?rev=9ae611a455b90cf061d8f332b977e387bda8e1ca",
      "name": "just-1.51.0",
      "pname": "just",
      "rev": "9ae611a455b90cf061d8f332b977e387bda8e1ca",
      "rev_count": 1014179,
      "rev_date": "2026-06-10T06:56:03Z",
      "scrape_date": "2026-06-12T04:47:59.802850Z",
      "stabilities": [
        "staging",
        "unstable"
      ],
      "unfree": false,
      "version": "1.51.0",
      "outputs_to_install": [
        "man",
        "out"
      ],
      "outputs": {
        "doc": "/nix/store/r800x8xppg70s00hw3h6x9cxpd6nh06y-just-1.51.0-doc",
        "man": "/nix/store/p04vig0h2hj7hg5vgd74n5nphlcy23l8-just-1.51.0-man",
        "out": "/nix/store/3j32zmchv9wd60qng1mm04yj07wf04i8-just-1.51.0"
      },
      "system": "x86_64-linux",
      "group": "toplevel",
      "priority": 5
    },
    {
      "attr_path": "shellcheck",
      "broken": false,
      "derivation": "/nix/store/vxrqivf2qkjbrglzi13ssg4h20g58vb1-shellcheck-0.11.0.drv",
      "description": "Shell script analysis tool",
      "install_id": "shellcheck",
      "license": "GPL-3.0-only",
      "locked_url": "https://github.com/flox/nixpkgs?rev=9ae611a455b90cf061d8f332b977e387bda8e1ca",
      "name": "shellcheck-0.11.0",
      "pname": "shellcheck",
      "rev": "9ae611a455b90cf061d8f332b977e387bda8e1ca",
      "rev_count": 1014179,
      "rev_date": "2026-06-10T06:56:03Z",
      "scrape_date": "2026-06-12T03:15:47.615189Z",
      "stabilities": [
        "staging",
        "unstable"
      ],
      "unfree": false,
      "version": "0.11.0",
      "outputs_to_install": [
        "bin",
        "doc",
        "man"
      ],
      "outputs": {
        "bin": "/nix/store/xpjnkisx2dqf83l5pbwlfzk43hl4inbg-shellcheck-0.11.0-bin",
        "doc": "/nix/store/mbxll5l28m6sjjy3wqwwmlirmrbcg2dz-shellcheck-0.11.0-doc",
        "man": "/nix/store/s9s65dcmaifyv9vh3k5vf8328sv0mzi3-shellcheck-0.11.0-man",
        "out": "/nix/store/in7kbi1l3xggkwlvcqjvlsv8lcvpkx9w-shellcheck-0.11.0"
      },
      "system": "aarch64-darwin",
      "group": "toplevel",
      "priority": 5
    },
    {
      "attr_path": "shellcheck",
      "broken": false,
      "derivation": "/nix/store/k5hl3xwadsk1ny0lnw0ahcjh9cmkn2qd-shellcheck-0.11.0.drv",
      "description": "Shell script analysis tool",
      "install_id": "shellcheck",
      "license": "GPL-3.0-only",
      "locked_url": "https://github.com/flox/nixpkgs?rev=9ae611a455b90cf061d8f332b977e387bda8e1ca",
      "name": "shellcheck-0.11.0",
      "pname": "shellcheck",
      "rev": "9ae611a455b90cf061d8f332b977e387bda8e1ca",
      "rev_count": 1014179,
      "rev_date": "2026-06-10T06:56:03Z",
      "scrape_date": "2026-06-12T03:47:09.016842Z",
      "stabilities": [
        "staging",
        "unstable"
      ],
      "unfree": false,
      "version": "0.11.0",
      "outputs_to_install": [
        "bin",
        "doc",
        "man"
      ],
      "outputs": {
        "bin": "/nix/store/hqajavk4av9v6l08h1xsfz19rwsir85y-shellcheck-0.11.0-bin",
        "doc": "/nix/store/gdjj2q6jwgjj14c72hwss2zxww5hxvbm-shellcheck-0.11.0-doc",
        "man": "/nix/store/jpdzs6ywlqmxbmzim0b8flrwc9ac94vz-shellcheck-0.11.0-man",
        "out": "/nix/store/bg01hij699rpkg2q0fhghdyma1zf3vmc-shellcheck-0.11.0"
      },
      "system": "aarch64-linux",
      "group": "toplevel",
      "priority": 5
    },
    {
      "attr_path": "shellcheck",
      "broken": false,
      "derivation": "/nix/store/78nb4bjx7wwl4jqzadlv2si6iy4m6zhi-shellcheck-0.11.0.drv",
      "description": "Shell script analysis tool",
      "install_id": "shellcheck",
      "license": "GPL-3.0-only",
      "locked_url": "https://github.com/flox/nixpkgs?rev=9ae611a455b90cf061d8f332b977e387bda8e1ca",
      "name": "shellcheck-0.11.0",
      "pname": "shellcheck",
      "rev": "9ae611a455b90cf061d8f332b977e387bda8e1ca",
      "rev_count": 1014179,
      "rev_date": "2026-06-10T06:56:03Z",
      "scrape_date": "2026-06-12T04:16:35.288862Z",
      "stabilities": [
        "staging",
        "unstable"
      ],
      "unfree": false,
      "version": "0.11.0",
      "outputs_to_install": [
        "bin",
        "doc",
        "man"
      ],
      "outputs": {
        "bin": "/nix/store/hn2l442nhcahcb8cvhf9g7nymzczciyi-shellcheck-0.11.0-bin",
        "doc": "/nix/store/rjfwbcm3kpfvsvskybl64b1qwzlnnw5g-shellcheck-0.11.0-doc",
        "man": "/nix/store/y781lm7p97zggqqw4wyl9r13z5fj7jgx-shellcheck-0.11.0-man",
        "out": "/nix/store/wlb6zh8kjhfhaywhksn3mq2gmbarvmns-shellcheck-0.11.0"
      },
      "system": "x86_64-darwin",
      "group": "toplevel",
      "priority": 5
    },
    {
      "attr_path": "shellcheck",
      "broken": false,
      "derivation": "/nix/store/asfa0kv0rbb0b999qhn3yvg3019awb4x-shellcheck-0.11.0.drv",
      "description": "Shell script analysis tool",
      "install_id": "shellcheck",
      "license": "GPL-3.0-only",
      "locked_url": "https://github.com/flox/nixpkgs?rev=9ae611a455b90cf061d8f332b977e387bda8e1ca",
      "name": "shellcheck-0.11.0",
      "pname": "shellcheck",
      "rev": "9ae611a455b90cf061d8f332b977e387bda8e1ca",
      "rev_count": 1014179,
      "rev_date": "2026-06-10T06:56:03Z",
      "scrape_date": "2026-06-12T04:50:10.194478Z",
      "stabilities": [
        "staging",
        "unstable"
      ],
      "unfree": false,
      "version": "0.11.0",
      "outputs_to_install": [
        "bin",
        "doc",
        "man"
      ],
      "outputs": {
        "bin": "/nix/store/2lfacwyvxpllrq9jpbyz7z4v4lc3wnr9-shellcheck-0.11.0-bin",
        "doc": "/nix/store/qbmc0kv3ddridry1w7rdc124an8fk895-shellcheck-0.11.0-doc",
        "man": "/nix/store/0504zfbbnxm2dgnkj0pal11nv09i1g2p-shellcheck-0.11.0-man",
        "out": "/nix/store/pmk1wsbpsxkaa33mrigc72iln3pvy9r2-shellcheck-0.11.0"
      },
      "system": "x86_64-linux",
      "group": "toplevel",
      "priority": 5
    }
  ]
}
